
Microsoft Visual Studio Solution File, Format Version 12.00
# Visual Studio 15
VisualStudioVersion = 15.0.28307.136
MinimumVisualStudioVersion = 10.0.40219.1
Project("{FAE04EC0-301F-11D3-BF4B-00C04F79EFBC}") = "RaportContorGazCuptorV1", "RaportContorGazCuptorV1\RaportContorGazCuptorV1.csproj", "{862D0E07-33D8-4DDF-BA9A-D24D91AC7CBA}"
EndProject
Global
	GlobalSection(SolutionConfigurationPlatforms) = preSolution
		Debug|Any CPU = Debug|Any CPU
		Release|Any CPU = Release|Any CPU
	EndGlobalSection
	GlobalSection(ProjectConfigurationPlatforms) = postSolution
		{862D0E07-33D8-4DDF-BA9A-D24D91AC7CBA}.Debug|Any CPU.ActiveCfg = Debug|Any CPU
		{862D0E07-33D8-4DDF-BA9A-D24D91AC7CBA}.Debug|Any CPU.Build.0 = Debug|Any CPU
		{862D0E07-33D8-4DDF-BA9A-D24D91AC7CBA}.Release|Any CPU.ActiveCfg = Release|Any CPU
		{862D0E07-33D8-4DDF-BA9A-D24D91AC7CBA}.Release|Any CPU.Build.0 = Release|Any CPU
	EndGlobalSection
	GlobalSection(SolutionProperties) = preSolution
		HideSolutionNode = FALSE
	EndGlobalSection
	GlobalSection(ExtensibilityGlobals) = postSolution
		SolutionGuid = {D07D45D3-B153-4716-8251-F910504F8FB7}
	EndGlobalSection
EndGlobal
